{
    "_meta": {
        "hash": {
            "sha256": "59a668c0a91f7f26fa8fda890b2075ac5e13380470ab617e20bed31f509b3797"
        },
        "pipfile-spec": 6,
        "requires": {
            "python_version": "3.7"
        },
        "sources": [
            {
                "name": "pypi",
                "url": "https://pypi.org/simple",
                "verify_ssl": true
            }
        ]
    },
    "default": {
        "django": {
            "hashes": [
                "sha256:65e2a548a52fca560cdd4e35f4fa1a79140f405af48950e59702a37e4227e958",
                "sha256:d4244e2c9653e1349b37ab0cdf108607ba9d1e41f71d0711ac71360e4026ce94"
            ],
            "index": "pypi",
            "version": "==2.1.10"
        },
        "pytz": {
            "hashes": [
                "sha256:31cb35c89bd7d333cd32c5f278fca91b523b0834369e757f4c5641ea252236ca",
                "sha256:8e0f8568c118d3077b46be7d654cc8167fa916092e28320cde048e54bfc9f1e6"
            ],
            "index": "pypi",
            "version": "==2018.7"
        }
    },
    "develop": {}
}
